{
  "R": {
    "Version": "4.1.1",
    "Repositories": [
      {
        "Name": "MRAN",
        "URL": "https://mran.microsoft.com/snapshot/2021-11-01"
      }
    ]
  },
  "Packages": {
    "renv": {
      "Package": "renv",
      "Version": "0.14.0",
      "OS_type": NA,
      "NeedsCompilation": "no",
      "Repository": "MRAN",
      "Source": "Repository"
    }
  }
}
